// !$*UTF8*$!
{
	archiveVersion = 1;
	classes = {
	};
	objectVersion = 56;
	objects = {

/* Begin PBXBuildFile section */
		462B6F092B6D6CE500EB575C /* GaytorPalApp.swift in Sources */ = {isa = PBXBuildFile; fileRef = 462B6F082B6D6CE500EB575C /* GaytorPalApp.swift */; };
		462B6F0B2B6D6CE500EB575C /* GaytorPalAppView.swift in Sources */ = {isa = PBXBuildFile; fileRef = 462B6F0A2B6D6CE500EB575C /* GaytorPalAppView.swift */; };
		462B6F0D2B6D6CE600EB575C /* Assets.xcassets in Resources */ = {isa = PBXBuildFile; fileRef = 462B6F0C2B6D6CE600EB575C /* Assets.xcassets */; };
		462B6F102B6D6CE600EB575C /* Preview Assets.xcassets in Resources */ = {isa = PBXBuildFile; fileRef = 462B6F0F2B6D6CE600EB575C /* Preview Assets.xcassets */; };
		462B6F1E2B6D6E8F00EB575C /* SignInView.swift in Sources */ = {isa = PBXBuildFile; fileRef = 462B6F1D2B6D6E8F00EB575C /* SignInView.swift */; };
		462B6F202B6D6EA100EB575C /* SignInViewModel.swift in Sources */ = {isa = PBXBuildFile; fileRef = 462B6F1F2B6D6EA100EB575C /* SignInViewModel.swift */; };
		462B6F222B6D6EB500EB575C /* RegisterView.swift in Sources */ = {isa = PBXBuildFile; fileRef = 462B6F212B6D6EB500EB575C /* RegisterView.swift */; };
		462B6F242B6D6EC600EB575C /* RegisterViewModel.swift in Sources */ = {isa = PBXBuildFile; fileRef = 462B6F232B6D6EC600EB575C /* RegisterViewModel.swift */; };
		462B6F262B6D6ED200EB575C /* HomeView.swift in Sources */ = {isa = PBXBuildFile; fileRef = 462B6F252B6D6ED200EB575C /* HomeView.swift */; };
		462B6F282B6D6EDC00EB575C /* HomeViewModel.swift in Sources */ = {isa = PBXBuildFile; fileRef = 462B6F272B6D6EDC00EB575C /* HomeViewModel.swift */; };
/* End PBXBuildFile section */

/* Begin PBXFileReference section */
		462B6F052B6D6CE500EB575C /* GaytorPal.app */ = {isa = PBXFileReference; explicitFileType = wrapper.application; includeInIndex = 0; path = GaytorPal.app; sourceTree = BUILT_PRODUCTS_DIR; };
		462B6F082B6D6CE500EB575C /* GaytorPalApp.swift */ = {isa = PBXFileReference; lastKnownFileType = sourcecode.swift; path = GaytorPalApp.swift; sourceTree = "<group>"; };
		462B6F0A2B6D6CE500EB575C /* GaytorPalAppView.swift */ = {isa = PBXFileReference; lastKnownFileType = sourcecode.swift; path = GaytorPalAppView.swift; sourceTree = "<group>"; };
		462B6F0C2B6D6CE600EB575C /* Assets.xcassets */ = {isa = PBXFileReference; lastKnownFileType = folder.assetcatalog; path = Assets.xcassets; sourceTree = "<group>"; };
		462B6F0F2B6D6CE600EB575C /* Preview Assets.xcassets */ = {isa = PBXFileReference; lastKnownFileType = folder.assetcatalog; path = "Preview Assets.xcassets"; sourceTree = "<group>"; };
		462B6F1D2B6D6E8F00EB575C /* SignInView.swift */ = {isa = PBXFileReference; lastKnownFileType = sourcecode.swift; path = SignInView.swift; sourceTree = "<group>"; };
		462B6F1F2B6D6EA100EB575C /* SignInViewModel.swift */ = {isa = PBXFileReference; lastKnownFileType = sourcecode.swift; path = SignInViewModel.swift; sourceTree = "<group>"; };
		462B6F212B6D6EB500EB575C /* RegisterView.swift */ = {isa = PBXFileReference; lastKnownFileType = sourcecode.swift; path = RegisterView.swift; sourceTree = "<group>"; };
		462B6F232B6D6EC600EB575C /* RegisterViewModel.swift */ = {isa = PBXFileReference; lastKnownFileType = sourcecode.swift; path = RegisterViewModel.swift; sourceTree = "<group>"; };
		462B6F252B6D6ED200EB575C /* HomeView.swift */ = {isa = PBXFileReference; lastKnownFileType = sourcecode.swift; path = HomeView.swift; sourceTree = "<group>"; };
		462B6F272B6D6EDC00EB575C /* HomeViewModel.swift */ = {isa = PBXFileReference; lastKnownFileType = sourcecode.swift; path = HomeViewModel.swift; sourceTree = "<group>"; };
/* End PBXFileReference section */

/* Begin PBXFrameworksBuildPhase section */
		462B6F022B6D6CE500EB575C /* Frameworks */ = {
			isa = PBXFrameworksBuildPhase;
			buildActionMask = 2147483647;
			files = (
			);
			runOnlyForDeploymentPostprocessing = 0;
		};
/* End PBXFrameworksBuildPhase section */

/* Begin PBXGroup section */
		462B6EFC2B6D6CE500EB575C = {
			isa = PBXGroup;
			children = (
				462B6F072B6D6CE500EB575C /* GaytorPal */,
				462B6F062B6D6CE500EB575C /* Products */,
			);
			sourceTree = "<group>";
		};
		462B6F062B6D6CE500EB575C /* Products */ = {
			isa = PBXGroup;
			children = (
				462B6F052B6D6CE500EB575C /* GaytorPal.app */,
			);
			name = Products;
			sourceTree = "<group>";
		};
		462B6F072B6D6CE500EB575C /* GaytorPal */ = {
			isa = PBXGroup;
			children = (
				462B6F162B6D6D3E00EB575C /* ui */,
				462B6F082B6D6CE500EB575C /* GaytorPalApp.swift */,
				462B6F0A2B6D6CE500EB575C /* GaytorPalAppView.swift */,
				462B6F0C2B6D6CE600EB575C /* Assets.xcassets */,
				462B6F0E2B6D6CE600EB575C /* Preview Content */,
			);
			path = GaytorPal;
			sourceTree = "<group>";
		};
		462B6F0E2B6D6CE600EB575C /* Preview Content */ = {
			isa = PBXGroup;
			children = (
				462B6F0F2B6D6CE600EB575C /* Preview Assets.xcassets */,
			);
			path = "Preview Content";
			sourceTree = "<group>";
		};
		462B6F162B6D6D3E00EB575C /* ui */ = {
			isa = PBXGroup;
			children = (
				462B6F192B6D6DFC00EB575C /* pages */,
			);
			path = ui;
			sourceTree = "<group>";
		};
		462B6F172B6D6DE000EB575C /* signIn */ = {
			isa = PBXGroup;
			children = (
				462B6F1D2B6D6E8F00EB575C /* SignInView.swift */,
				462B6F1F2B6D6EA100EB575C /* SignInViewModel.swift */,
			);
			path = signIn;
			sourceTree = "<group>";
		};
		462B6F182B6D6DF100EB575C /* home */ = {
			isa = PBXGroup;
			children = (
				462B6F252B6D6ED200EB575C /* HomeView.swift */,
				462B6F272B6D6EDC00EB575C /* HomeViewModel.swift */,
			);
			path = home;
			sourceTree = "<group>";
		};
		462B6F192B6D6DFC00EB575C /* pages */ = {
			isa = PBXGroup;
			children = (
				462B6F1A2B6D6E0B00EB575C /* register */,
				462B6F172B6D6DE000EB575C /* signIn */,
				462B6F182B6D6DF100EB575C /* home */,
			);
			path = pages;
			sourceTree = "<group>";
		};
		462B6F1A2B6D6E0B00EB575C /* register */ = {
			isa = PBXGroup;
			children = (
				462B6F212B6D6EB500EB575C /* RegisterView.swift */,
				462B6F232B6D6EC600EB575C /* RegisterViewModel.swift */,
			);
			path = register;
			sourceTree = "<group>";
		};
/* End PBXGroup section */

/* Begin PBXNativeTarget section */
		462B6F042B6D6CE500EB575C /* GaytorPal */ = {
			isa = PBXNativeTarget;
			buildConfigurationList = 462B6F132B6D6CE600EB575C /* Build configuration list for PBXNativeTarget "GaytorPal" */;
			buildPhases = (
				462B6F012B6D6CE500EB575C /* Sources */,
				462B6F022B6D6CE500EB575C /* Frameworks */,
				462B6F032B6D6CE500EB575C /* Resources */,
			);
			buildRules = (
			);
			dependencies = (
			);
			name = GaytorPal;
			productName = GaytorPal;
			productReference = 462B6F052B6D6CE500EB575C /* GaytorPal.app */;
			productType = "com.apple.product-type.application";
		};
/* End PBXNativeTarget section */

/* Begin PBXProject section */
		462B6EFD2B6D6CE500EB575C /* Project object */ = {
			isa = PBXProject;
			attributes = {
				BuildIndependentTargetsInParallel = 1;
				LastSwiftUpdateCheck = 1520;
				LastUpgradeCheck = 1520;
				TargetAttributes = {
					462B6F042B6D6CE500EB575C = {
						CreatedOnToolsVersion = 15.2;
					};
				};
			};
			buildConfigurationList = 462B6F002B6D6CE500EB575C /* Build configuration list for PBXProject "GaytorPal" */;
			compatibilityVersion = "Xcode 14.0";
			developmentRegion = en;
			hasScannedForEncodings = 0;
			knownRegions = (
				en,
				Base,
			);
			mainGroup = 462B6EFC2B6D6CE500EB575C;
			productRefGroup = 462B6F062B6D6CE500EB575C /* Products */;
			projectDirPath = "";
			projectRoot = "";
			targets = (
				462B6F042B6D6CE500EB575C /* GaytorPal */,
			);
		};
/* End PBXProject section */

/* Begin PBXResourcesBuildPhase section */
		462B6F032B6D6CE500EB575C /* Resources */ = {
			isa = PBXResourcesBuildPhase;
			buildActionMask = 2147483647;
			files = (
				462B6F102B6D6CE600EB575C /* Preview Assets.xcassets in Resources */,
				462B6F0D2B6D6CE600EB575C /* Assets.xcassets in Resources */,
			);
			runOnlyForDeploymentPostprocessing = 0;
		};
/* End PBXResourcesBuildPhase section */

/* Begin PBXSourcesBuildPhase section */
		462B6F012B6D6CE500EB575C /* Sources */ = {
			isa = PBXSourcesBuildPhase;
			buildActionMask = 2147483647;
			files = (
				462B6F202B6D6EA100EB575C /* SignInViewModel.swift in Sources */,
				462B6F262B6D6ED200EB575C /* HomeView.swift in Sources */,
				462B6F242B6D6EC600EB575C /* RegisterViewModel.swift in Sources */,
				462B6F282B6D6EDC00EB575C /* HomeViewModel.swift in Sources */,
				462B6F222B6D6EB500EB575C /* RegisterView.swift in Sources */,
				462B6F1E2B6D6E8F00EB575C /* SignInView.swift in Sources */,
				462B6F0B2B6D6CE500EB575C /* GaytorPalAppView.swift in Sources */,
				462B6F092B6D6CE500EB575C /* GaytorPalApp.swift in Sources */,
			);
			runOnlyForDeploymentPostprocessing = 0;
		};
/* End PBXSourcesBuildPhase section */

/* Begin XCBuildConfiguration section */
		462B6F112B6D6CE600EB575C /* Debug */ = {
			isa = XCBuildConfiguration;
			buildSettings = {
				ALWAYS_SEARCH_USER_PATHS = NO;
				ASSETCATALOG_COMPILER_GENERATE_SWIFT_ASSET_SYMBOL_EXTENSIONS = YES;
				CLANG_ANALYZER_NONNULL = YES;
				CLANG_ANALYZER_NUMBER_OBJECT_CONVERSION = YES_AGGRESSIVE;
				CLANG_CXX_LANGUAGE_STANDARD = "gnu++20";
				CLANG_ENABLE_MODULES = YES;
				CLANG_ENABLE_OBJC_ARC = YES;
				CLANG_ENABLE_OBJC_WEAK = YES;
				CLANG_WARN_BLOCK_CAPTURE_AUTORELEASING = YES;
				CLANG_WARN_BOOL_CONVERSION = YES;
				CLANG_WARN_COMMA = YES;
				CLANG_WARN_CONSTANT_CONVERSION = YES;
				CLANG_WARN_DEPRECATED_OBJC_IMPLEMENTATIONS = YES;
				CLANG_WARN_DIRECT_OBJC_ISA_USAGE = YES_ERROR;
				CLANG_WARN_DOCUMENTATION_COMMENTS = YES;
				CLANG_WARN_EMPTY_BODY = YES;
				CLANG_WARN_ENUM_CONVERSION = YES;
				CLANG_WARN_INFINITE_RECURSION = YES;
				CLANG_WARN_INT_CONVERSION = YES;
				CLANG_WARN_NON_LITERAL_NULL_CONVERSION = YES;
				CLANG_WARN_OBJC_IMPLICIT_RETAIN_SELF = YES;
				CLANG_WARN_OBJC_LITERAL_CONVERSION = YES;
				CLANG_WARN_OBJC_ROOT_CLASS = YES_ERROR;
				CLANG_WARN_QUOTED_INCLUDE_IN_FRAMEWORK_HEADER = YES;
				CLANG_WARN_RANGE_LOOP_ANALYSIS = YES;
				CLANG_WARN_STRICT_PROTOTYPES = YES;
				CLANG_WARN_SUSPICIOUS_MOVE = YES;
				CLANG_WARN_UNGUARDED_AVAILABILITY = YES_AGGRESSIVE;
				CLANG_WARN_UNREACHABLE_CODE = YES;
				CLANG_WARN__DUPLICATE_METHOD_MATCH = YES;
				COPY_PHASE_STRIP = NO;
				DEBUG_INFORMATION_FORMAT = dwarf;
				ENABLE_STRICT_OBJC_MSGSEND = YES;
				ENABLE_TESTABILITY = YES;
				ENABLE_USER_SCRIPT_SANDBOXING = YES;
				GCC_C_LANGUAGE_STANDARD = gnu17;
				GCC_DYNAMIC_NO_PIC = NO;
				GCC_NO_COMMON_BLOCKS = YES;
				GCC_OPTIMIZATION_LEVEL = 0;
				GCC_PREPROCESSOR_DEFINITIONS = (
					"DEBUG=1",
					"$(inherited)",
				);
				GCC_WARN_64_TO_32_BIT_CONVERSION = YES;
				GCC_WARN_ABOUT_RETURN_TYPE = YES_ERROR;
				GCC_WARN_UNDECLARED_SELECTOR = YES;
				GCC_WARN_UNINITIALIZED_AUTOS = YES_AGGRESSIVE;
				GCC_WARN_UNUSED_FUNCTION = YES;
				GCC_WARN_UNUSED_VARIABLE = YES;
				IPHONEOS_DEPLOYMENT_TARGET = 17.2;
				LOCALIZATION_PREFERS_STRING_CATALOGS = YES;
				MTL_ENABLE_DEBUG_INFO = INCLUDE_SOURCE;
				MTL_FAST_MATH = YES;
				ONLY_ACTIVE_ARCH = YES;
				SDKROOT = iphoneos;
				SWIFT_ACTIVE_COMPILATION_CONDITIONS = "DEBUG $(inherited)";
				SWIFT_OPTIMIZATION_LEVEL = "-Onone";
			};
			name = Debug;
		};
		462B6F122B6D6CE600EB575C /* Release */ = {
			isa = XCBuildConfiguration;
			buildSettings = {
				ALWAYS_SEARCH_USER_PATHS = NO;
				ASSETCATALOG_COMPILER_GENERATE_SWIFT_ASSET_SYMBOL_EXTENSIONS = YES;
				CLANG_ANALYZER_NONNULL = YES;
				CLANG_ANALYZER_NUMBER_OBJECT_CONVERSION = YES_AGGRESSIVE;
				CLANG_CXX_LANGUAGE_STANDARD = "gnu++20";
				CLANG_ENABLE_MODULES = YES;
				CLANG_ENABLE_OBJC_ARC = YES;
				CLANG_ENABLE_OBJC_WEAK = YES;
				CLANG_WARN_BLOCK_CAPTURE_AUTORELEASING = YES;
				CLANG_WARN_BOOL_CONVERSION = YES;
				CLANG_WARN_COMMA = YES;
				CLANG_WARN_CONSTANT_CONVERSION = YES;
				CLANG_WARN_DEPRECATED_OBJC_IMPLEMENTATIONS = YES;
				CLANG_WARN_DIRECT_OBJC_ISA_USAGE = YES_ERROR;
				CLANG_WARN_DOCUMENTATION_COMMENTS = YES;
				CLANG_WARN_EMPTY_BODY = YES;
				CLANG_WARN_ENUM_CONVERSION = YES;
				CLANG_WARN_INFINITE_RECURSION = YES;
				CLANG_WARN_INT_CONVERSION = YES;
				CLANG_WARN_NON_LITERAL_NULL_CONVERSION = YES;
				CLANG_WARN_OBJC_IMPLICIT_RETAIN_SELF = YES;
				CLANG_WARN_OBJC_LITERAL_CONVERSION = YES;
				CLANG_WARN_OBJC_ROOT_CLASS = YES_ERROR;
				CLANG_WARN_QUOTED_INCLUDE_IN_FRAMEWORK_HEADER = YES;
				CLANG_WARN_RANGE_LOOP_ANALYSIS = YES;
				CLANG_WARN_STRICT_PROTOTYPES = YES;
				CLANG_WARN_SUSPICIOUS_MOVE = YES;
				CLANG_WARN_UNGUARDED_AVAILABILITY = YES_AGGRESSIVE;
				CLANG_WARN_UNREACHABLE_CODE = YES;
				CLANG_WARN__DUPLICATE_METHOD_MATCH = YES;
				COPY_PHASE_STRIP = NO;
				DEBUG_INFORMATION_FORMAT = "dwarf-with-dsym";
				ENABLE_NS_ASSERTIONS = NO;
				ENABLE_STRICT_OBJC_MSGSEND = YES;
				ENABLE_USER_SCRIPT_SANDBOXING = YES;
				GCC_C_LANGUAGE_STANDARD = gnu17;
				GCC_NO_COMMON_BLOCKS = YES;
				GCC_WARN_64_TO_32_BIT_CONVERSION = YES;
				GCC_WARN_ABOUT_RETURN_TYPE = YES_ERROR;
				GCC_WARN_UNDECLARED_SELECTOR = YES;
				GCC_WARN_UNINITIALIZED_AUTOS = YES_AGGRESSIVE;
				GCC_WARN_UNUSED_FUNCTION = YES;
				GCC_WARN_UNUSED_VARIABLE = YES;
				IPHONEOS_DEPLOYMENT_TARGET = 17.2;
				LOCALIZATION_PREFERS_STRING_CATALOGS = YES;
				MTL_ENABLE_DEBUG_INFO = NO;
				MTL_FAST_MATH = YES;
				SDKROOT = iphoneos;
				SWIFT_COMPILATION_MODE = wholemodule;
				VALIDATE_PRODUCT = YES;
			};
			name = Release;
		};
		462B6F142B6D6CE600EB575C /* Debug */ = {
			isa = XCBuildConfiguration;
			buildSettings = {
				ASSETCATALOG_COMPILER_APPICON_NAME = AppIcon;
				ASSETCATALOG_COMPILER_GLOBAL_ACCENT_COLOR_NAME = AccentColor;
				CODE_SIGN_STYLE = Automatic;
				CURRENT_PROJECT_VERSION = 1;
				DEVELOPMENT_ASSET_PATHS = "\"GaytorPal/Preview Content\"";
				DEVELOPMENT_TEAM = KMRDDYUCK6;
				ENABLE_PREVIEWS = YES;
				GENERATE_INFOPLIST_FILE = YES;
				INFOPLIST_KEY_UIApplicationSceneManifest_Generation = YES;
				INFOPLIST_KEY_UIApplicationSupportsIndirectInputEvents = YES;
				INFOPLIST_KEY_UILaunchScreen_Generation = YES;
				INFOPLIST_KEY_UISupportedInterfaceOrientations_iPad = "UIInterfaceOrientationPortrait UIInterfaceOrientationPortraitUpsideDown UIInterfaceOrientationLandscapeLeft UIInterfaceOrientationLandscapeRight";
				INFOPLIST_KEY_UISupportedInterfaceOrientations_iPhone = "UIInterfaceOrientationPortrait UIInterfaceOrientationLandscapeLeft UIInterfaceOrientationLandscapeRight";
				LD_RUNPATH_SEARCH_PATHS = (
					"$(inherited)",
					"@executable_path/Frameworks",
				);
				MARKETING_VERSION = 1.0;
				PRODUCT_BUNDLE_IDENTIFIER = me.denis.david.GaytorPal;
				PRODUCT_NAME = "$(TARGET_NAME)";
				SWIFT_EMIT_LOC_STRINGS = YES;
				SWIFT_VERSION = 5.0;
				TARGETED_DEVICE_FAMILY = "1,2";
			};
			name = Debug;
		};
		462B6F152B6D6CE600EB575C /* Release */ = {
			isa = XCBuildConfiguration;
			buildSettings = {
				ASSETCATALOG_COMPILER_APPICON_NAME = AppIcon;
				ASSETCATALOG_COMPILER_GLOBAL_ACCENT_COLOR_NAME = AccentColor;
				CODE_SIGN_STYLE = Automatic;
				CURRENT_PROJECT_VERSION = 1;
				DEVELOPMENT_ASSET_PATHS = "\"GaytorPal/Preview Content\"";
				DEVELOPMENT_TEAM = KMRDDYUCK6;
				ENABLE_PREVIEWS = YES;
				GENERATE_INFOPLIST_FILE = YES;
				INFOPLIST_KEY_UIApplicationSceneManifest_Generation = YES;
				INFOPLIST_KEY_UIApplicationSupportsIndirectInputEvents = YES;
				INFOPLIST_KEY_UILaunchScreen_Generation = YES;
				INFOPLIST_KEY_UISupportedInterfaceOrientations_iPad = "UIInterfaceOrientationPortrait UIInterfaceOrientationPortraitUpsideDown UIInterfaceOrientationLandscapeLeft UIInterfaceOrientationLandscapeRight";
				INFOPLIST_KEY_UISupportedInterfaceOrientations_iPhone = "UIInterfaceOrientationPortrait UIInterfaceOrientationLandscapeLeft UIInterfaceOrientationLandscapeRight";
				LD_RUNPATH_SEARCH_PATHS = (
					"$(inherited)",
					"@executable_path/Frameworks",
				);
				MARKETING_VERSION = 1.0;
				PRODUCT_BUNDLE_IDENTIFIER = me.denis.david.GaytorPal;
				PRODUCT_NAME = "$(TARGET_NAME)";
				SWIFT_EMIT_LOC_STRINGS = YES;
				SWIFT_VERSION = 5.0;
				TARGETED_DEVICE_FAMILY = "1,2";
			};
			name = Release;
		};
/* End XCBuildConfiguration section */

/* Begin XCConfigurationList section */
		462B6F002B6D6CE500EB575C /* Build configuration list for PBXProject "GaytorPal" */ = {
			isa = XCConfigurationList;
			buildConfigurations = (
				462B6F112B6D6CE600EB575C /* Debug */,
				462B6F122B6D6CE600EB575C /* Release */,
			);
			defaultConfigurationIsVisible = 0;
			defaultConfigurationName = Release;
		};
		462B6F132B6D6CE600EB575C /* Build configuration list for PBXNativeTarget "GaytorPal" */ = {
			isa = XCConfigurationList;
			buildConfigurations = (
				462B6F142B6D6CE600EB575C /* Debug */,
				462B6F152B6D6CE600EB575C /* Release */,
			);
			defaultConfigurationIsVisible = 0;
			defaultConfigurationName = Release;
		};
/* End XCConfigurationList section */
	};
	rootObject = 462B6EFD2B6D6CE500EB575C /* Project object */;
}
